{
  "name": "immer-map",
  "version": "0.0.1",
  "lockfileVersion": 3,
  "requires": true,
  "packages": {
    "": {
      "name": "immer-map",
      "version": "0.0.1",
      "license": "MIT",
      "dependencies": {
        "immer": "^10.1.1"
      },
      "devDependencies": {
        "@types/node": "^16.0.0",
        "typescript": "^4.6.4"
      }
    },
    "node_modules/@types/node": {
      "version": "16.18.96",
      "resolved": "https://registry.npmjs.org/@types/node/-/node-16.18.96.tgz",
      "integrity": "sha512-84iSqGXoO+Ha16j8pRZ/L90vDMKX04QTYMTfYeE1WrjWaZXuchBehGUZEpNgx7JnmlrIHdnABmpjrQjhCnNldQ==",
      "dev": true
    },
    "node_modules/immer": {
      "version": "10.1.1",
      "resolved": "https://registry.npmjs.org/immer/-/immer-10.1.1.tgz",
      "integrity": "sha512-s2MPrmjovJcoMaHtx6K11Ra7oD05NT97w1IC5zpMkT6Atjr7H8LjaDd81iIxUYpMKSRRNMJE703M1Fhr/TctHw==",
      "funding": {
        "type": "opencollective",
        "url": "https://opencollective.com/immer"
      }
    },
    "node_modules/typescript": {
      "version": "4.9.5",
      "resolved": "https://registry.npmjs.org/typescript/-/typescript-4.9.5.tgz",
      "integrity": "sha512-1FXk9E2Hm+QzZQ7z+McJiHL4NW1F2EzMu9Nq9i3zAaGqibafqYwCVU6WyWAuyQRRzOlxou8xZSyXLEN8oKj24g==",
      "dev": true,
      "bin": {
        "tsc": "bin/tsc",
        "tsserver": "bin/tsserver"
      },
      "engines": {
        "node": ">=4.2.0"
      }
    }
  }
}
